
Microsoft Visual Studio Solution File, Format Version 12.00
# Visual Studio Version 16
VisualStudioVersion = 16.0.31729.503
MinimumVisualStudioVersion = 10.0.40219.1
Project("{FAE04EC0-301F-11D3-BF4B-00C04F79EFBC}") = "Lesson1-task1", "Lesson1-task1\Lesson1-task1.csproj", "{290C10FD-3B18-4A9D-9450-963A4D6D5561}"
EndProject
Global
	GlobalSection(SolutionConfigurationPlatforms) = preSolution
		Debug|Any CPU = Debug|Any CPU
		Release|Any CPU = Release|Any CPU
	EndGlobalSection
	GlobalSection(ProjectConfigurationPlatforms) = postSolution
		{290C10FD-3B18-4A9D-9450-963A4D6D5561}.Debug|Any CPU.ActiveCfg = Debug|Any CPU
		{290C10FD-3B18-4A9D-9450-963A4D6D5561}.Debug|Any CPU.Build.0 = Debug|Any CPU
		{290C10FD-3B18-4A9D-9450-963A4D6D5561}.Release|Any CPU.ActiveCfg = Release|Any CPU
		{290C10FD-3B18-4A9D-9450-963A4D6D5561}.Release|Any CPU.Build.0 = Release|Any CPU
	EndGlobalSection
	GlobalSection(SolutionProperties) = preSolution
		HideSolutionNode = FALSE
	EndGlobalSection
	GlobalSection(ExtensibilityGlobals) = postSolution
		SolutionGuid = {2B037262-2B1F-413F-B3D0-BB5472DDAF05}
	EndGlobalSection
EndGlobal
